
Microsoft Visual Studio Solution File, Format Version 12.00
# Visual Studio 14
VisualStudioVersion = 14.0.23107.0
MinimumVisualStudioVersion = 10.0.40219.1
Project("{FAE04EC0-301F-11D3-BF4B-00C04F79EFBC}") = "Ssh", "SSH\Ssh.csproj", "{CC7A5CAF-0A37-4205-8945-23A453CBE7C7}"
EndProject
Project("{FAE04EC0-301F-11D3-BF4B-00C04F79EFBC}") = "Terminal", "Terminal\Terminal.csproj", "{8C191969-6ACE-4D88-ACCE-0334169AD1CE}"
EndProject
Project("{FAE04EC0-301F-11D3-BF4B-00C04F79EFBC}") = "TerminalControl", "TerminalControl\TerminalControl.csproj", "{7AD4FE4F-3530-4F84-88D9-D122BF6FC7C5}"
EndProject
Project("{FAE04EC0-301F-11D3-BF4B-00C04F79EFBC}") = "TerminalTest", "TerminalTest\TerminalTest.csproj", "{1EE6B27D-6717-4ECA-8294-72B6B52B42FE}"
EndProject
Project("{8BC9CEB8-8B4A-11D0-8D11-00A0C91BC942}") = "libsshnet", "libsshnet\libsshnet.vcxproj", "{A61A5B82-B404-45A1-B087-E7C4A1FB464D}"
EndProject
Project("{FAE04EC0-301F-11D3-BF4B-00C04F79EFBC}") = "Renci.SshNet", "Ssh.Net\Renci.SshNet\Renci.SshNet.csproj", "{2F5F8C90-0BD1-424F-997C-7BC6280919D1}"
EndProject
Project("{FAE04EC0-301F-11D3-BF4B-00C04F79EFBC}") = "TerminalControlTests", "TerminalControlTests\TerminalControlTests.csproj", "{224BDE3E-614A-4DA4-8DAC-3460F6BA781E}"
EndProject
Global
	GlobalSection(SolutionConfigurationPlatforms) = preSolution
		Debug|Any CPU = Debug|Any CPU
		Debug|x64 = Debug|x64
		Debug|x86 = Debug|x86
		Release|Any CPU = Release|Any CPU
		Release|x64 = Release|x64
		Release|x86 = Release|x86
	EndGlobalSection
	GlobalSection(ProjectConfigurationPlatforms) = postSolution
		{CC7A5CAF-0A37-4205-8945-23A453CBE7C7}.Debug|Any CPU.ActiveCfg = Debug|Any CPU
		{CC7A5CAF-0A37-4205-8945-23A453CBE7C7}.Debug|Any CPU.Build.0 = Debug|Any CPU
		{CC7A5CAF-0A37-4205-8945-23A453CBE7C7}.Debug|x64.ActiveCfg = Debug|Any CPU
		{CC7A5CAF-0A37-4205-8945-23A453CBE7C7}.Debug|x64.Build.0 = Debug|Any CPU
		{CC7A5CAF-0A37-4205-8945-23A453CBE7C7}.Debug|x86.ActiveCfg = Debug|Any CPU
		{CC7A5CAF-0A37-4205-8945-23A453CBE7C7}.Debug|x86.Build.0 = Debug|Any CPU
		{CC7A5CAF-0A37-4205-8945-23A453CBE7C7}.Release|Any CPU.ActiveCfg = Release|Any CPU
		{CC7A5CAF-0A37-4205-8945-23A453CBE7C7}.Release|Any CPU.Build.0 = Release|Any CPU
		{CC7A5CAF-0A37-4205-8945-23A453CBE7C7}.Release|x64.ActiveCfg = Release|x64
		{CC7A5CAF-0A37-4205-8945-23A453CBE7C7}.Release|x64.Build.0 = Release|x64
		{CC7A5CAF-0A37-4205-8945-23A453CBE7C7}.Release|x86.ActiveCfg = Release|Any CPU
		{CC7A5CAF-0A37-4205-8945-23A453CBE7C7}.Release|x86.Build.0 = Release|Any CPU
		{8C191969-6ACE-4D88-ACCE-0334169AD1CE}.Debug|Any CPU.ActiveCfg = Debug|Any CPU
		{8C191969-6ACE-4D88-ACCE-0334169AD1CE}.Debug|Any CPU.Build.0 = Debug|Any CPU
		{8C191969-6ACE-4D88-ACCE-0334169AD1CE}.Debug|x64.ActiveCfg = Debug|Any CPU
		{8C191969-6ACE-4D88-ACCE-0334169AD1CE}.Debug|x64.Build.0 = Debug|Any CPU
		{8C191969-6ACE-4D88-ACCE-0334169AD1CE}.Debug|x86.ActiveCfg = Debug|Any CPU
		{8C191969-6ACE-4D88-ACCE-0334169AD1CE}.Debug|x86.Build.0 = Debug|Any CPU
		{8C191969-6ACE-4D88-ACCE-0334169AD1CE}.Release|Any CPU.ActiveCfg = Release|Any CPU
		{8C191969-6ACE-4D88-ACCE-0334169AD1CE}.Release|Any CPU.Build.0 = Release|Any CPU
		{8C191969-6ACE-4D88-ACCE-0334169AD1CE}.Release|x64.ActiveCfg = Release|x64
		{8C191969-6ACE-4D88-ACCE-0334169AD1CE}.Release|x64.Build.0 = Release|x64
		{8C191969-6ACE-4D88-ACCE-0334169AD1CE}.Release|x86.ActiveCfg = Release|Any CPU
		{8C191969-6ACE-4D88-ACCE-0334169AD1CE}.Release|x86.Build.0 = Release|Any CPU
		{7AD4FE4F-3530-4F84-88D9-D122BF6FC7C5}.Debug|Any CPU.ActiveCfg = Debug|Any CPU
		{7AD4FE4F-3530-4F84-88D9-D122BF6FC7C5}.Debug|Any CPU.Build.0 = Debug|Any CPU
		{7AD4FE4F-3530-4F84-88D9-D122BF6FC7C5}.Debug|x64.ActiveCfg = Debug|Any CPU
		{7AD4FE4F-3530-4F84-88D9-D122BF6FC7C5}.Debug|x64.Build.0 = Debug|Any CPU
		{7AD4FE4F-3530-4F84-88D9-D122BF6FC7C5}.Debug|x86.ActiveCfg = Debug|Any CPU
		{7AD4FE4F-3530-4F84-88D9-D122BF6FC7C5}.Debug|x86.Build.0 = Debug|Any CPU
		{7AD4FE4F-3530-4F84-88D9-D122BF6FC7C5}.Release|Any CPU.ActiveCfg = Release|Any CPU
		{7AD4FE4F-3530-4F84-88D9-D122BF6FC7C5}.Release|Any CPU.Build.0 = Release|Any CPU
		{7AD4FE4F-3530-4F84-88D9-D122BF6FC7C5}.Release|x64.ActiveCfg = Release|x64
		{7AD4FE4F-3530-4F84-88D9-D122BF6FC7C5}.Release|x64.Build.0 = Release|x64
		{7AD4FE4F-3530-4F84-88D9-D122BF6FC7C5}.Release|x86.ActiveCfg = Release|Any CPU
		{7AD4FE4F-3530-4F84-88D9-D122BF6FC7C5}.Release|x86.Build.0 = Release|Any CPU
		{1EE6B27D-6717-4ECA-8294-72B6B52B42FE}.Debug|Any CPU.ActiveCfg = Debug|Any CPU
		{1EE6B27D-6717-4ECA-8294-72B6B52B42FE}.Debug|Any CPU.Build.0 = Debug|Any CPU
		{1EE6B27D-6717-4ECA-8294-72B6B52B42FE}.Debug|x64.ActiveCfg = Debug|Any CPU
		{1EE6B27D-6717-4ECA-8294-72B6B52B42FE}.Debug|x64.Build.0 = Debug|Any CPU
		{1EE6B27D-6717-4ECA-8294-72B6B52B42FE}.Debug|x86.ActiveCfg = Debug|Any CPU
		{1EE6B27D-6717-4ECA-8294-72B6B52B42FE}.Debug|x86.Build.0 = Debug|Any CPU
		{1EE6B27D-6717-4ECA-8294-72B6B52B42FE}.Release|Any CPU.ActiveCfg = Release|Any CPU
		{1EE6B27D-6717-4ECA-8294-72B6B52B42FE}.Release|Any CPU.Build.0 = Release|Any CPU
		{1EE6B27D-6717-4ECA-8294-72B6B52B42FE}.Release|x64.ActiveCfg = Release|x64
		{1EE6B27D-6717-4ECA-8294-72B6B52B42FE}.Release|x64.Build.0 = Release|x64
		{1EE6B27D-6717-4ECA-8294-72B6B52B42FE}.Release|x86.ActiveCfg = Release|x86
		{1EE6B27D-6717-4ECA-8294-72B6B52B42FE}.Release|x86.Build.0 = Release|x86
		{A61A5B82-B404-45A1-B087-E7C4A1FB464D}.Debug|Any CPU.ActiveCfg = Debug|x64
		{A61A5B82-B404-45A1-B087-E7C4A1FB464D}.Debug|x64.ActiveCfg = Debug|x64
		{A61A5B82-B404-45A1-B087-E7C4A1FB464D}.Debug|x86.ActiveCfg = Debug|Win32
		{A61A5B82-B404-45A1-B087-E7C4A1FB464D}.Release|Any CPU.ActiveCfg = Release|x64
		{A61A5B82-B404-45A1-B087-E7C4A1FB464D}.Release|x64.ActiveCfg = Release|x64
		{A61A5B82-B404-45A1-B087-E7C4A1FB464D}.Release|x86.ActiveCfg = Release|Win32
		{2F5F8C90-0BD1-424F-997C-7BC6280919D1}.Debug|Any CPU.ActiveCfg = Debug|Any CPU
		{2F5F8C90-0BD1-424F-997C-7BC6280919D1}.Debug|Any CPU.Build.0 = Debug|Any CPU
		{2F5F8C90-0BD1-424F-997C-7BC6280919D1}.Debug|x64.ActiveCfg = Release|Any CPU
		{2F5F8C90-0BD1-424F-997C-7BC6280919D1}.Debug|x64.Build.0 = Release|Any CPU
		{2F5F8C90-0BD1-424F-997C-7BC6280919D1}.Debug|x86.ActiveCfg = Release|Any CPU
		{2F5F8C90-0BD1-424F-997C-7BC6280919D1}.Debug|x86.Build.0 = Release|Any CPU
		{2F5F8C90-0BD1-424F-997C-7BC6280919D1}.Release|Any CPU.ActiveCfg = Release|Any CPU
		{2F5F8C90-0BD1-424F-997C-7BC6280919D1}.Release|Any CPU.Build.0 = Release|Any CPU
		{2F5F8C90-0BD1-424F-997C-7BC6280919D1}.Release|x64.ActiveCfg = Release|Any CPU
		{2F5F8C90-0BD1-424F-997C-7BC6280919D1}.Release|x64.Build.0 = Release|Any CPU
		{2F5F8C90-0BD1-424F-997C-7BC6280919D1}.Release|x86.ActiveCfg = Release|Any CPU
		{2F5F8C90-0BD1-424F-997C-7BC6280919D1}.Release|x86.Build.0 = Release|Any CPU
		{224BDE3E-614A-4DA4-8DAC-3460F6BA781E}.Debug|Any CPU.ActiveCfg = Debug|Any CPU
		{224BDE3E-614A-4DA4-8DAC-3460F6BA781E}.Debug|Any CPU.Build.0 = Debug|Any CPU
		{224BDE3E-614A-4DA4-8DAC-3460F6BA781E}.Debug|x64.ActiveCfg = Debug|Any CPU
		{224BDE3E-614A-4DA4-8DAC-3460F6BA781E}.Debug|x64.Build.0 = Debug|Any CPU
		{224BDE3E-614A-4DA4-8DAC-3460F6BA781E}.Debug|x86.ActiveCfg = Debug|Any CPU
		{224BDE3E-614A-4DA4-8DAC-3460F6BA781E}.Debug|x86.Build.0 = Debug|Any CPU
		{224BDE3E-614A-4DA4-8DAC-3460F6BA781E}.Release|Any CPU.ActiveCfg = Release|Any CPU
		{224BDE3E-614A-4DA4-8DAC-3460F6BA781E}.Release|Any CPU.Build.0 = Release|Any CPU
		{224BDE3E-614A-4DA4-8DAC-3460F6BA781E}.Release|x64.ActiveCfg = Release|Any CPU
		{224BDE3E-614A-4DA4-8DAC-3460F6BA781E}.Release|x64.Build.0 = Release|Any CPU
		{224BDE3E-614A-4DA4-8DAC-3460F6BA781E}.Release|x86.ActiveCfg = Release|Any CPU
		{224BDE3E-614A-4DA4-8DAC-3460F6BA781E}.Release|x86.Build.0 = Release|Any CPU
	EndGlobalSection
	GlobalSection(SolutionProperties) = preSolution
		HideSolutionNode = FALSE
	EndGlobalSection
EndGlobal
